
Microsoft Visual Studio Solution File, Format Version 12.00
Project("{FAE04EC0-301F-11D3-BF4B-00C04F79EFBC}") = "FancyWidgetsWebApi", "FancyWidgetsWebApi\FancyWidgetsWebApi.csproj", "{DABE2ED9-1463-4A07-9639-A48AA80C7F14}"
EndProject
Global
	GlobalSection(SolutionConfigurationPlatforms) = preSolution
		Debug|Any CPU = Debug|Any CPU
		Release|Any CPU = Release|Any CPU
	EndGlobalSection
	GlobalSection(ProjectConfigurationPlatforms) = postSolution
		{DABE2ED9-1463-4A07-9639-A48AA80C7F14}.Debug|Any CPU.ActiveCfg = Debug|Any CPU
		{DABE2ED9-1463-4A07-9639-A48AA80C7F14}.Debug|Any CPU.Build.0 = Debug|Any CPU
		{DABE2ED9-1463-4A07-9639-A48AA80C7F14}.Release|Any CPU.ActiveCfg = Release|Any CPU
		{DABE2ED9-1463-4A07-9639-A48AA80C7F14}.Release|Any CPU.Build.0 = Release|Any CPU
	EndGlobalSection
EndGlobal
